
Microsoft Visual Studio Solution File, Format Version 12.00
# Visual Studio Version 16
VisualStudioVersion = 16.0.30523.141
MinimumVisualStudioVersion = 10.0.40219.1
Project("{FAE04EC0-301F-11D3-BF4B-00C04F79EFBC}") = "OverwatchCounters", "OverwatchCounters\OverwatchCounters.csproj", "{4BB9FC80-1F6A-449E-B54A-8BB5558C5508}"
EndProject
Global
	GlobalSection(SolutionConfigurationPlatforms) = preSolution
		Debug|Any CPU = Debug|Any CPU
		Release|Any CPU = Release|Any CPU
	EndGlobalSection
	GlobalSection(ProjectConfigurationPlatforms) = postSolution
		{4BB9FC80-1F6A-449E-B54A-8BB5558C5508}.Debug|Any CPU.ActiveCfg = Debug|Any CPU
		{4BB9FC80-1F6A-449E-B54A-8BB5558C5508}.Debug|Any CPU.Build.0 = Debug|Any CPU
		{4BB9FC80-1F6A-449E-B54A-8BB5558C5508}.Release|Any CPU.ActiveCfg = Release|Any CPU
		{4BB9FC80-1F6A-449E-B54A-8BB5558C5508}.Release|Any CPU.Build.0 = Release|Any CPU
	EndGlobalSection
	GlobalSection(SolutionProperties) = preSolution
		HideSolutionNode = FALSE
	EndGlobalSection
	GlobalSection(ExtensibilityGlobals) = postSolution
		SolutionGuid = {C523369F-47F8-47E0-8B9F-3A20856AE72F}
	EndGlobalSection
EndGlobal
